{
    "_readme": [
        "This file locks the dependencies of your project to a known state",
        "Read more about it at https://getcomposer.org/doc/01-basic-usage.md#composer-lock-the-lock-file",
        "This file is @generated automatically"
    ],
    "hash": "c098a2ac6383877317de00b7bb95b47d",
    "packages": [
        {
            "name": "asika/muse",
            "version": "1.0.0",
            "source": {
                "type": "git",
                "url": "https://github.com/asika32764/muse.git",
                "reference": "3ebd7f193c029182a5f2c24c232c3c20cd6bea66"
            },
            "dist": {
                "type": "zip",
                "url": "https://api.github.com/repos/asika32764/muse/zipball/3ebd7f193c029182a5f2c24c232c3c20cd6bea66",
                "reference": "3ebd7f193c029182a5f2c24c232c3c20cd6bea66",
                "shasum": ""
            },
            "require": {
                "windwalker/filesystem": "~2.0@stable",
                "windwalker/registry": "~2.0@stable",
                "windwalker/utilities": "~2.0@stable"
            },
            "require-dev": {
                "windwalker/console": "~2.0@stable",
                "windwalker/database": "~2.0@stable"
            },
            "type": "framework",
            "autoload": {
                "psr-0": {
                    "": "src/"
                }
            },
            "notification-url": "https://packagist.org/downloads/",
            "license": [
                "GNU Lesser General Public License"
            ],
            "authors": [
                {
                    "name": "Simon Asika",
                    "email": "asika32764@gmail.com"
                }
            ],
            "description": "Muse - The PHP Code generator. She is Goddess, she is the Creator.",
            "homepage": "https://github.com/asika32764/muse",
            "keywords": [
                "builder",
                "code",
                "generator",
                "muse",
                "scaffold",
                "scaffolding"
            ],
            "time": "2015-01-12 03:40:13"
        },
        {
            "name": "filp/whoops",
            "version": "1.1.7",
            "source": {
                "type": "git",
                "url": "https://github.com/filp/whoops.git",
                "reference": "72538eeb70bbfb11964412a3d098d109efd012f7"
            },
            "dist": {
                "type": "zip",
                "url": "https://api.github.com/repos/filp/whoops/zipball/72538eeb70bbfb11964412a3d098d109efd012f7",
                "reference": "72538eeb70bbfb11964412a3d098d109efd012f7",
                "shasum": ""
            },
            "require": {
                "php": ">=5.3.0"
            },
            "require-dev": {
                "mockery/mockery": "0.9.*"
            },
            "type": "library",
            "extra": {
                "branch-alias": {
                    "dev-master": "1.2-dev"
                }
            },
            "autoload": {
                "psr-0": {
                    "Whoops": "src/"
                },
                "classmap": [
                    "src/deprecated"
                ]
            },
            "notification-url": "https://packagist.org/downloads/",
            "license": [
                "MIT"
            ],
            "authors": [
                {
                    "name": "Filipe Dobreira",
                    "homepage": "https://github.com/filp",
                    "role": "Developer"
                }
            ],
            "description": "php error handling for cool kids",
            "homepage": "https://github.com/filp/whoops",
            "keywords": [
                "error",
                "exception",
                "handling",
                "library",
                "silex-provider",
                "whoops",
                "zf2"
            ],
            "time": "2015-06-29 05:42:04"
        },
        {
            "name": "symfony/yaml",
            "version": "v2.7.3",
            "source": {
                "type": "git",
                "url": "https://github.com/symfony/Yaml.git",
                "reference": "71340e996171474a53f3d29111d046be4ad8a0ff"
            },
            "dist": {
                "type": "zip",
                "url": "https://api.github.com/repos/symfony/Yaml/zipball/71340e996171474a53f3d29111d046be4ad8a0ff",
                "reference": "71340e996171474a53f3d29111d046be4ad8a0ff",
                "shasum": ""
            },
            "require": {
                "php": ">=5.3.9"
            },
            "require-dev": {
                "symfony/phpunit-bridge": "~2.7"
            },
            "type": "library",
            "extra": {
                "branch-alias": {
                    "dev-master": "2.7-dev"
                }
            },
            "autoload": {
                "psr-4": {
                    "Symfony\\Component\\Yaml\\": ""
                }
            },
            "notification-url": "https://packagist.org/downloads/",
            "license": [
                "MIT"
            ],
            "authors": [
                {
                    "name": "Fabien Potencier",
                    "email": "fabien@symfony.com"
                },
                {
                    "name": "Symfony Community",
                    "homepage": "https://symfony.com/contributors"
                }
            ],
            "description": "Symfony Yaml Component",
            "homepage": "https://symfony.com",
            "time": "2015-07-28 14:07:07"
        },
        {
            "name": "windwalker/cache",
            "version": "2.1",
            "source": {
                "type": "git",
                "url": "https://github.com/ventoviro/windwalker-cache.git",
                "reference": "115f570bfed7f46de17859ee1f799dfb33f6cf61"
            },
            "dist": {
                "type": "zip",
                "url": "https://api.github.com/repos/ventoviro/windwalker-cache/zipball/115f570bfed7f46de17859ee1f799dfb33f6cf61",
                "reference": "115f570bfed7f46de17859ee1f799dfb33f6cf61",
                "shasum": ""
            },
            "require": {
                "php": ">=5.3.10"
            },
            "require-dev": {
                "windwalker/test": "~2.0"
            },
            "type": "windwalker-package",
            "extra": {
                "branch-alias": {
                    "dev-master": "2.2-dev"
                }
            },
            "autoload": {
                "psr-4": {
                    "Windwalker\\Cache\\": ""
                }
            },
            "notification-url": "https://packagist.org/downloads/",
            "license": [
                "LGPL-2.0+"
            ],
            "description": "Windwalker Cache package",
            "homepage": "https://github.com/ventoviro/windwalker-cache",
            "keywords": [
                "cache",
                "framework",
                "windwalker"
            ],
            "time": "2015-08-11 07:10:07"
        },
        {
            "name": "windwalker/compare",
            "version": "2.1",
            "source": {
                "type": "git",
                "url": "https://github.com/ventoviro/windwalker-compare.git",
                "reference": "6bb1e02f1964e192273f799e1a56103b60a889d6"
            },
            "dist": {
                "type": "zip",
                "url": "https://api.github.com/repos/ventoviro/windwalker-compare/zipball/6bb1e02f1964e192273f799e1a56103b60a889d6",
                "reference": "6bb1e02f1964e192273f799e1a56103b60a889d6",
                "shasum": ""
            },
            "require": {
                "php": ">=5.3.10"
            },
            "require-dev": {
                "windwalker/test": "~2.0"
            },
            "type": "windwalker-package",
            "extra": {
                "branch-alias": {
                    "dev-master": "2.2-dev"
                }
            },
            "autoload": {
                "psr-4": {
                    "Windwalker\\Compare\\": ""
                }
            },
            "notification-url": "https://packagist.org/downloads/",
            "license": [
                "LGPL-2.0+"
            ],
            "description": "Windwalker Compare package",
            "homepage": "https://github.com/ventoviro/windwalker-compare",
            "keywords": [
                "compare",
                "framework",
                "windwalker"
            ],
            "time": "2015-08-11 07:10:07"
        },
        {
            "name": "windwalker/console",
            "version": "2.1",
            "source": {
                "type": "git",
                "url": "https://github.com/ventoviro/windwalker-console.git",
                "reference": "48eff6c0cf13d54af9ffb1ddbf2219edff6bc5c2"
            },
            "dist": {
                "type": "zip",
                "url": "https://api.github.com/repos/ventoviro/windwalker-console/zipball/48eff6c0cf13d54af9ffb1ddbf2219edff6bc5c2",
                "reference": "48eff6c0cf13d54af9ffb1ddbf2219edff6bc5c2",
                "shasum": ""
            },
            "require": {
                "php": ">=5.3.10",
                "windwalker/io": "~2.0",
                "windwalker/registry": "~2.0"
            },
            "require-dev": {
                "windwalker/test": "~2.0"
            },
            "type": "windwalker-package",
            "extra": {
                "branch-alias": {
                    "dev-master": "2.2-dev"
                }
            },
            "autoload": {
                "psr-4": {
                    "Windwalker\\Console\\": ""
                }
            },
            "notification-url": "https://packagist.org/downloads/",
            "license": [
                "LGPL-2.0+"
            ],
            "description": "Windwalker Controller package",
            "homepage": "https://github.com/ventoviro/windwalker-console",
            "keywords": [
                "console",
                "framework",
                "windwalker"
            ],
            "time": "2015-08-11 07:10:07"
        },
        {
            "name": "windwalker/data",
            "version": "2.1",
            "source": {
                "type": "git",
                "url": "https://github.com/ventoviro/windwalker-data.git",
                "reference": "543c007964a56b9ab7260b30e9ea4b9b554433ad"
            },
            "dist": {
                "type": "zip",
                "url": "https://api.github.com/repos/ventoviro/windwalker-data/zipball/543c007964a56b9ab7260b30e9ea4b9b554433ad",
                "reference": "543c007964a56b9ab7260b30e9ea4b9b554433ad",
                "shasum": ""
            },
            "require": {
                "php": ">=5.3.10"
            },
            "require-dev": {
                "windwalker/test": "~2.0"
            },
            "type": "windwalker-package",
            "extra": {
                "branch-alias": {
                    "dev-master": "2.2-dev"
                }
            },
            "autoload": {
                "psr-4": {
                    "Windwalker\\Data\\": ""
                }
            },
            "notification-url": "https://packagist.org/downloads/",
            "license": [
                "LGPL-2.0+"
            ],
            "description": "Windwalker Data package",
            "homepage": "https://github.com/ventoviro/windwalker-data",
            "keywords": [
                "data",
                "framework",
                "windwalker"
            ],
            "time": "2015-08-11 07:10:07"
        },
        {
            "name": "windwalker/datamapper",
            "version": "2.1",
            "source": {
                "type": "git",
                "url": "https://github.com/ventoviro/windwalker-datamapper.git",
                "reference": "dd3f0fa129bdb00b6cc180e65736809a6b30061e"
            },
            "dist": {
                "type": "zip",
                "url": "https://api.github.com/repos/ventoviro/windwalker-datamapper/zipball/dd3f0fa129bdb00b6cc180e65736809a6b30061e",
                "reference": "dd3f0fa129bdb00b6cc180e65736809a6b30061e",
                "shasum": ""
            },
            "require": {
                "php": ">=5.3.10",
                "windwalker/data": "~2.0"
            },
            "require-dev": {
                "windwalker/compare": "~2.0",
                "windwalker/database": "~2.0",
                "windwalker/event": "~2.0",
                "windwalker/test": "~2.0"
            },
            "suggest": {
                "windwalker/compare": "Install 2.* if you want to use Compare object.",
                "windwalker/database": "Install 2.* if you want Windwalker Database.",
                "windwalker/event": "Install 2.* if you want to use hooks."
            },
            "type": "windwalker-package",
            "extra": {
                "branch-alias": {
                    "dev-master": "2.2-dev"
                }
            },
            "autoload": {
                "psr-4": {
                    "Windwalker\\DataMapper\\": ""
                }
            },
            "notification-url": "https://packagist.org/downloads/",
            "license": [
                "LGPL-2.0+"
            ],
            "description": "Windwalker DataMapper package",
            "homepage": "https://github.com/ventoviro/windwalker-datamapper",
            "keywords": [
                "datamapper",
                "framework",
                "windwalker"
            ],
            "time": "2015-08-11 07:23:16"
        },
        {
            "name": "windwalker/dom",
            "version": "2.1",
            "source": {
                "type": "git",
                "url": "https://github.com/ventoviro/windwalker-dom.git",
                "reference": "a2c1bf6c73922025abb1e2796ee0f4fea27f6ff7"
            },
            "dist": {
                "type": "zip",
                "url": "https://api.github.com/repos/ventoviro/windwalker-dom/zipball/a2c1bf6c73922025abb1e2796ee0f4fea27f6ff7",
                "reference": "a2c1bf6c73922025abb1e2796ee0f4fea27f6ff7",
                "shasum": ""
            },
            "require": {
                "php": ">=5.3.10"
            },
            "require-dev": {
                "windwalker/test": "~2.0"
            },
            "type": "windwalker-package",
            "extra": {
                "branch-alias": {
                    "dev-master": "2.2-dev"
                }
            },
            "autoload": {
                "psr-4": {
                    "Windwalker\\Dom\\": ""
                }
            },
            "notification-url": "https://packagist.org/downloads/",
            "license": [
                "LGPL-2.0+"
            ],
            "description": "Windwalker Dom package",
            "homepage": "https://github.com/ventoviro/windwalker-dom",
            "keywords": [
                "filesystem",
                "framework",
                "windwalker"
            ],
            "time": "2015-08-11 07:23:16"
        },
        {
            "name": "windwalker/filesystem",
            "version": "2.1",
            "source": {
                "type": "git",
                "url": "https://github.com/ventoviro/windwalker-filesystem.git",
                "reference": "f3ac1c6ad37771911226d04f0a4ff35cf817a2f8"
            },
            "dist": {
                "type": "zip",
                "url": "https://api.github.com/repos/ventoviro/windwalker-filesystem/zipball/f3ac1c6ad37771911226d04f0a4ff35cf817a2f8",
                "reference": "f3ac1c6ad37771911226d04f0a4ff35cf817a2f8",
                "shasum": ""
            },
            "require": {
                "php": ">=5.3.10"
            },
            "require-dev": {
                "windwalker/test": "~2.0"
            },
            "type": "windwalker-package",
            "extra": {
                "branch-alias": {
                    "dev-master": "2.2-dev"
                }
            },
            "autoload": {
                "psr-4": {
                    "Windwalker\\Filesystem\\": ""
                }
            },
            "notification-url": "https://packagist.org/downloads/",
            "license": [
                "LGPL-2.0+"
            ],
            "description": "Windwalker Filesystem package",
            "homepage": "https://github.com/ventoviro/windwalker-filesystem",
            "keywords": [
                "filesystem",
                "framework",
                "windwalker"
            ],
            "time": "2015-08-11 07:10:07"
        },
        {
            "name": "windwalker/html",
            "version": "2.1",
            "source": {
                "type": "git",
                "url": "https://github.com/ventoviro/windwalker-html.git",
                "reference": "9613813b5e8f2e40fecb0192d735674dcd2a60d1"
            },
            "dist": {
                "type": "zip",
                "url": "https://api.github.com/repos/ventoviro/windwalker-html/zipball/9613813b5e8f2e40fecb0192d735674dcd2a60d1",
                "reference": "9613813b5e8f2e40fecb0192d735674dcd2a60d1",
                "shasum": ""
            },
            "require": {
                "php": ">=5.3.10",
                "windwalker/dom": "~2.0"
            },
            "require-dev": {
                "windwalker/test": "~2.0"
            },
            "type": "windwalker-package",
            "extra": {
                "branch-alias": {
                    "dev-master": "2.2-dev"
                }
            },
            "autoload": {
                "psr-4": {
                    "Windwalker\\Html\\": ""
                }
            },
            "notification-url": "https://packagist.org/downloads/",
            "license": [
                "LGPL-2.0+"
            ],
            "description": "Windwalker Html package",
            "homepage": "https://github.com/ventoviro/windwalker-html",
            "keywords": [
                "framework",
                "html",
                "windwalker"
            ],
            "time": "2015-08-11 07:23:16"
        },
        {
            "name": "windwalker/io",
            "version": "2.1",
            "source": {
                "type": "git",
                "url": "https://github.com/ventoviro/windwalker-io.git",
                "reference": "99b0e5c15cb731c832298312f8fa52549f7b3345"
            },
            "dist": {
                "type": "zip",
                "url": "https://api.github.com/repos/ventoviro/windwalker-io/zipball/99b0e5c15cb731c832298312f8fa52549f7b3345",
                "reference": "99b0e5c15cb731c832298312f8fa52549f7b3345",
                "shasum": ""
            },
            "require": {
                "php": ">=5.3.10"
            },
            "require-dev": {
                "windwalker/filter": "~2.0",
                "windwalker/test": "~2.0"
            },
            "suggest": {
                "windwalker/filter": "Install 2.* if you require filter support."
            },
            "type": "windwalker-package",
            "extra": {
                "branch-alias": {
                    "dev-master": "2.2-dev"
                }
            },
            "autoload": {
                "psr-4": {
                    "Windwalker\\IO\\": ""
                }
            },
            "notification-url": "https://packagist.org/downloads/",
            "license": [
                "LGPL-2.0+"
            ],
            "description": "Windwalker IO package",
            "homepage": "https://github.com/ventoviro/windwalker-io",
            "keywords": [
                "framework",
                "io",
                "windwalker"
            ],
            "time": "2015-08-11 07:10:07"
        },
        {
            "name": "windwalker/registry",
            "version": "2.1",
            "source": {
                "type": "git",
                "url": "https://github.com/ventoviro/windwalker-registry.git",
                "reference": "6d3e1b712a003bf071c895e159a74a960d911de9"
            },
            "dist": {
                "type": "zip",
                "url": "https://api.github.com/repos/ventoviro/windwalker-registry/zipball/6d3e1b712a003bf071c895e159a74a960d911de9",
                "reference": "6d3e1b712a003bf071c895e159a74a960d911de9",
                "shasum": ""
            },
            "require": {
                "php": ">=5.3.10"
            },
            "require-dev": {
                "symfony/yaml": "2.*",
                "windwalker/test": "~2.0"
            },
            "suggest": {
                "symfony/yaml": "Install 2.* if you require YAML support."
            },
            "type": "windwalker-package",
            "extra": {
                "branch-alias": {
                    "dev-master": "2.2-dev"
                }
            },
            "autoload": {
                "psr-4": {
                    "Windwalker\\Registry\\": ""
                }
            },
            "notification-url": "https://packagist.org/downloads/",
            "license": [
                "LGPL-2.0+"
            ],
            "description": "Windwalker Registry package",
            "homepage": "https://github.com/ventoviro/windwalker-registry",
            "keywords": [
                "framework",
                "registry",
                "windwalker"
            ],
            "time": "2015-08-11 07:23:16"
        },
        {
            "name": "windwalker/router",
            "version": "2.1",
            "source": {
                "type": "git",
                "url": "https://github.com/ventoviro/windwalker-router.git",
                "reference": "3cf6d3b6aa8251105eda0ffd3e87e36d7529daff"
            },
            "dist": {
                "type": "zip",
                "url": "https://api.github.com/repos/ventoviro/windwalker-router/zipball/3cf6d3b6aa8251105eda0ffd3e87e36d7529daff",
                "reference": "3cf6d3b6aa8251105eda0ffd3e87e36d7529daff",
                "shasum": ""
            },
            "require": {
                "php": ">=5.3.10"
            },
            "require-dev": {
                "windwalker/test": "~2.0",
                "windwalker/uri": "~2.0"
            },
            "type": "windwalker-package",
            "extra": {
                "branch-alias": {
                    "dev-master": "2.2-dev"
                }
            },
            "autoload": {
                "psr-4": {
                    "Windwalker\\Router\\": ""
                }
            },
            "notification-url": "https://packagist.org/downloads/",
            "license": [
                "LGPL-2.0+"
            ],
            "description": "Windwalker Router package",
            "homepage": "https://github.com/ventoviro/windwalker-router",
            "keywords": [
                "framework",
                "router",
                "windwalker"
            ],
            "time": "2015-08-11 07:10:07"
        },
        {
            "name": "windwalker/string",
            "version": "2.1",
            "source": {
                "type": "git",
                "url": "https://github.com/ventoviro/windwalker-string.git",
                "reference": "693329a6b00a2b58e54df1b67ec22c60311a9c1a"
            },
            "dist": {
                "type": "zip",
                "url": "https://api.github.com/repos/ventoviro/windwalker-string/zipball/693329a6b00a2b58e54df1b67ec22c60311a9c1a",
                "reference": "693329a6b00a2b58e54df1b67ec22c60311a9c1a",
                "shasum": ""
            },
            "require": {
                "php": ">=5.3.10"
            },
            "require-dev": {
                "windwalker/test": "~2.0",
                "windwalker/utilities": "~2.0"
            },
            "suggest": {
                "windwalker/utilities": "Install 2.* if you want to use StringHelper::parseVariable() tmpl engine."
            },
            "type": "windwalker-package",
            "extra": {
                "branch-alias": {
                    "dev-master": "2.2-dev"
                }
            },
            "autoload": {
                "psr-4": {
                    "Windwalker\\String\\": ""
                }
            },
            "notification-url": "https://packagist.org/downloads/",
            "license": [
                "LGPL-2.0+"
            ],
            "description": "Windwalker String package",
            "homepage": "https://github.com/ventoviro/windwalker-string",
            "keywords": [
                "framework",
                "string",
                "windwalker"
            ],
            "time": "2015-08-11 07:10:07"
        },
        {
            "name": "windwalker/utilities",
            "version": "2.1",
            "source": {
                "type": "git",
                "url": "https://github.com/ventoviro/windwalker-utilities.git",
                "reference": "d0c1f00ef724808e2f5d81e82ddd4edf41abf8ed"
            },
            "dist": {
                "type": "zip",
                "url": "https://api.github.com/repos/ventoviro/windwalker-utilities/zipball/d0c1f00ef724808e2f5d81e82ddd4edf41abf8ed",
                "reference": "d0c1f00ef724808e2f5d81e82ddd4edf41abf8ed",
                "shasum": ""
            },
            "require": {
                "php": ">=5.3.10",
                "windwalker/string": "~2.0"
            },
            "require-dev": {
                "windwalker/test": "~2.0"
            },
            "type": "windwalker-package",
            "extra": {
                "branch-alias": {
                    "dev-master": "2.2-dev"
                }
            },
            "autoload": {
                "psr-4": {
                    "Windwalker\\Utilities\\": ""
                },
                "files": [
                    "functions.php"
                ]
            },
            "notification-url": "https://packagist.org/downloads/",
            "license": [
                "LGPL-2.0+"
            ],
            "description": "Windwalker Utilities package",
            "homepage": "https://github.com/ventoviro/windwalker-utilities",
            "keywords": [
                "framework",
                "utilities",
                "windwalker"
            ],
            "time": "2015-08-11 07:10:07"
        }
    ],
    "packages-dev": [
        {
            "name": "windwalker/environment",
            "version": "2.1",
            "source": {
                "type": "git",
                "url": "https://github.com/ventoviro/windwalker-environment.git",
                "reference": "a5b2fa1937fd559222a56fc287dc51d6c8ec59c2"
            },
            "dist": {
                "type": "zip",
                "url": "https://api.github.com/repos/ventoviro/windwalker-environment/zipball/a5b2fa1937fd559222a56fc287dc51d6c8ec59c2",
                "reference": "a5b2fa1937fd559222a56fc287dc51d6c8ec59c2",
                "shasum": ""
            },
            "require": {
                "php": ">=5.3.10"
            },
            "require-dev": {
                "windwalker/test": "~2.0"
            },
            "type": "windwalker-package",
            "extra": {
                "branch-alias": {
                    "dev-master": "2.2-dev"
                }
            },
            "autoload": {
                "psr-4": {
                    "Windwalker\\Environment\\": ""
                }
            },
            "notification-url": "https://packagist.org/downloads/",
            "license": [
                "LGPL-2.0+"
            ],
            "description": "Windwalker Environment package",
            "homepage": "https://github.com/ventoviro/windwalker-environment",
            "keywords": [
                "environment",
                "framework",
                "windwalker"
            ],
            "time": "2015-08-11 07:10:07"
        },
        {
            "name": "windwalker/test",
            "version": "2.1.1-beta1",
            "source": {
                "type": "git",
                "url": "https://github.com/ventoviro/windwalker-test.git",
                "reference": "1af28ec00ce2a7c9264041e0eca89e6949fcd04a"
            },
            "dist": {
                "type": "zip",
                "url": "https://api.github.com/repos/ventoviro/windwalker-test/zipball/1af28ec00ce2a7c9264041e0eca89e6949fcd04a",
                "reference": "1af28ec00ce2a7c9264041e0eca89e6949fcd04a",
                "shasum": ""
            },
            "require": {
                "php": ">=5.3.10",
                "windwalker/environment": "~2.0"
            },
            "type": "windwalker-package",
            "extra": {
                "branch-alias": {
                    "dev-master": "2.2-dev"
                }
            },
            "autoload": {
                "psr-4": {
                    "Windwalker\\Test\\": ""
                }
            },
            "notification-url": "https://packagist.org/downloads/",
            "license": [
                "LGPL-2.0+"
            ],
            "description": "Windwalker Test package",
            "homepage": "https://github.com/ventoviro/windwalker-test",
            "keywords": [
                "framework",
                "test",
                "windwalker"
            ],
            "time": "2015-08-14 03:02:07"
        }
    ],
    "aliases": [],
    "minimum-stability": "beta",
    "stability-flags": [],
    "prefer-stable": false,
    "prefer-lowest": false,
    "platform": [],
    "platform-dev": []
}
