{
    "_readme": [
        "This file locks the dependencies of your project to a known state",
        "Read more about it at http://getcomposer.org/doc/01-basic-usage.md#composer-lock-the-lock-file"
    ],
    "hash": "6781951b3bbd3ac558b775e7ded91fef",
    "packages": [
        {
            "name": "filp/whoops",
            "version": "dev-master",
            "source": {
                "type": "git",
                "url": "https://github.com/filp/whoops.git",
                "reference": "029bb2be5a8ecfce317810a5d278edef0f9bda5c"
            },
            "dist": {
                "type": "zip",
                "url": "https://api.github.com/repos/filp/whoops/zipball/029bb2be5a8ecfce317810a5d278edef0f9bda5c",
                "reference": "029bb2be5a8ecfce317810a5d278edef0f9bda5c",
                "shasum": ""
            },
            "require": {
                "php": ">=5.3.0"
            },
            "require-dev": {
                "mockery/mockery": "0.9.*",
                "php": ">=5.3.3",
                "silex/silex": "1.1.*"
            },
            "type": "library",
            "extra": {
                "branch-alias": {
                    "dev-master": "1.1-dev"
                }
            },
            "autoload": {
                "psr-0": {
                    "Whoops": "src/"
                }
            },
            "notification-url": "https://packagist.org/downloads/",
            "license": [
                "MIT"
            ],
            "authors": [
                {
                    "name": "Filipe Dobreira",
                    "homepage": "https://github.com/filp",
                    "role": "Developer"
                }
            ],
            "description": "php error handling for cool kids",
            "homepage": "https://github.com/filp/whoops",
            "keywords": [
                "error",
                "exception",
                "handling",
                "library",
                "silex-provider",
                "whoops",
                "zf2"
            ],
            "time": "2014-02-17 12:23:00"
        },
        {
            "name": "joomla/compat",
            "version": "1.1.0",
            "target-dir": "Joomla/Compat",
            "source": {
                "type": "git",
                "url": "https://github.com/joomla-framework/compat.git",
                "reference": "c59ff64cb3ee068c22aedfaab8fe4888f63376d3"
            },
            "dist": {
                "type": "zip",
                "url": "https://api.github.com/repos/joomla-framework/compat/zipball/c59ff64cb3ee068c22aedfaab8fe4888f63376d3",
                "reference": "c59ff64cb3ee068c22aedfaab8fe4888f63376d3",
                "shasum": ""
            },
            "require": {
                "php": ">=5.3.10"
            },
            "type": "joomla-package",
            "autoload": {
                "classmap": [
                    "JsonSerializable.php"
                ]
            },
            "notification-url": "https://packagist.org/downloads/",
            "license": [
                "GPL-2.0+"
            ],
            "description": "Joomla Compat Package",
            "homepage": "https://github.com/joomla/joomla-framework-compat",
            "keywords": [
                "compat",
                "framework",
                "joomla"
            ],
            "time": "2013-05-15 03:30:25"
        },
        {
            "name": "joomla/registry",
            "version": "1.1.2",
            "source": {
                "type": "git",
                "url": "https://github.com/joomla-framework/registry.git",
                "reference": "d4526f2fb6295fbd3c688fa817e72a1821d7c0e4"
            },
            "dist": {
                "type": "zip",
                "url": "https://api.github.com/repos/joomla-framework/registry/zipball/d4526f2fb6295fbd3c688fa817e72a1821d7c0e4",
                "reference": "d4526f2fb6295fbd3c688fa817e72a1821d7c0e4",
                "shasum": ""
            },
            "require": {
                "joomla/compat": "~1.0",
                "joomla/utilities": "~1.0",
                "php": ">=5.3.10"
            },
            "require-dev": {
                "joomla/test": "~1.0",
                "symfony/yaml": "~2.0"
            },
            "suggest": {
                "symfony/yaml": "Install 2.* if you require YAML support."
            },
            "type": "joomla-package",
            "autoload": {
                "psr-4": {
                    "Joomla\\Registry\\": "src/",
                    "Joomla\\Registry\\Tests\\": "Tests/"
                }
            },
            "notification-url": "https://packagist.org/downloads/",
            "license": [
                "GPL-2.0+"
            ],
            "description": "Joomla Registry Package",
            "homepage": "https://github.com/joomla-framework/registry",
            "keywords": [
                "framework",
                "joomla",
                "registry"
            ],
            "time": "2014-02-09 07:19:55"
        },
        {
            "name": "joomla/string",
            "version": "1.1.1",
            "source": {
                "type": "git",
                "url": "https://github.com/joomla-framework/string.git",
                "reference": "bd2b2c9bbb6846680cbeb955c90288587d56df2a"
            },
            "dist": {
                "type": "zip",
                "url": "https://api.github.com/repos/joomla-framework/string/zipball/bd2b2c9bbb6846680cbeb955c90288587d56df2a",
                "reference": "bd2b2c9bbb6846680cbeb955c90288587d56df2a",
                "shasum": ""
            },
            "require": {
                "php": ">=5.3.10"
            },
            "require-dev": {
                "joomla/test": "~1.0"
            },
            "type": "joomla-package",
            "autoload": {
                "psr-4": {
                    "Joomla\\String\\": "src/",
                    "Joomla\\String\\Tests\\": "Tests/"
                }
            },
            "notification-url": "https://packagist.org/downloads/",
            "license": [
                "GPL-2.0+"
            ],
            "description": "Joomla String Package",
            "homepage": "https://github.com/joomla-framework/string",
            "keywords": [
                "framework",
                "joomla",
                "string"
            ],
            "time": "2014-02-09 02:48:39"
        },
        {
            "name": "joomla/utilities",
            "version": "1.1.1",
            "source": {
                "type": "git",
                "url": "https://github.com/joomla-framework/utilities.git",
                "reference": "de31259372d049f2a3fabe7b1c412cece134ca31"
            },
            "dist": {
                "type": "zip",
                "url": "https://api.github.com/repos/joomla-framework/utilities/zipball/de31259372d049f2a3fabe7b1c412cece134ca31",
                "reference": "de31259372d049f2a3fabe7b1c412cece134ca31",
                "shasum": ""
            },
            "require": {
                "joomla/string": "~1.0",
                "php": ">=5.3.10"
            },
            "type": "joomla-package",
            "autoload": {
                "psr-4": {
                    "Joomla\\Utilities\\": "src/",
                    "Joomla\\Utilities\\Tests\\": "Tests/"
                }
            },
            "notification-url": "https://packagist.org/downloads/",
            "license": [
                "GPL-2.0+"
            ],
            "description": "Joomla Utilities Package",
            "homepage": "https://github.com/joomla-framework/utilities",
            "keywords": [
                "framework",
                "joomla",
                "utilities"
            ],
            "time": "2014-02-09 02:57:39"
        },
        {
            "name": "windwalker/framework",
            "version": "dev-staging",
            "source": {
                "type": "git",
                "url": "https://github.com/ventoviro/windwalker.git",
                "reference": "53d769f8a19e5aa835c1e3abc27629b4d2f0311d"
            },
            "dist": {
                "type": "zip",
                "url": "https://api.github.com/repos/ventoviro/windwalker/zipball/53d769f8a19e5aa835c1e3abc27629b4d2f0311d",
                "reference": "53d769f8a19e5aa835c1e3abc27629b4d2f0311d",
                "shasum": ""
            },
            "type": "library",
            "autoload": {
                "psr-4": {
                    "Windwalker\\": "src/"
                }
            },
            "notification-url": "https://packagist.org/downloads/",
            "license": [
                "GNU Lesser General Public License"
            ],
            "authors": [
                {
                    "name": "Simon Asika",
                    "email": "asika32764@gmail.com"
                }
            ],
            "description": "Rapido de la vento viro.",
            "homepage": "https://github.com/ventoviro/windwalker",
            "time": "2014-02-21 07:45:31"
        }
    ],
    "packages-dev": [

    ],
    "aliases": [

    ],
    "minimum-stability": "dev",
    "stability-flags": {
        "windwalker/framework": 20
    },
    "platform": [

    ],
    "platform-dev": [

    ]
}
