{
    "_readme": [
        "This file locks the dependencies of your project to a known state",
        "Read more about it at http://getcomposer.org/doc/01-basic-usage.md#composer-lock-the-lock-file",
        "This file is @generated automatically"
    ],
    "hash": "b98f13c2740345c3445cae2d73f19442",
    "packages": [
        {
            "name": "asika/joomla-console",
            "version": "1.1.1",
            "target-dir": "Joomla/Console",
            "source": {
                "type": "git",
                "url": "https://github.com/asika32764/joomla-framework-console.git",
                "reference": "fe28cf9e1c694049e015121e2bd041268e814249"
            },
            "dist": {
                "type": "zip",
                "url": "https://api.github.com/repos/asika32764/joomla-framework-console/zipball/fe28cf9e1c694049e015121e2bd041268e814249",
                "reference": "fe28cf9e1c694049e015121e2bd041268e814249",
                "shasum": ""
            },
            "require": {
                "joomla/application": "~1.0",
                "php": ">=5.3.10"
            },
            "require-dev": {
                "joomla/test": "~1.0",
                "symfony/yaml": "~2.0"
            },
            "type": "joomla-package",
            "autoload": {
                "psr-0": {
                    "Joomla\\Console": ""
                }
            },
            "notification-url": "https://packagist.org/downloads/",
            "license": [
                "GPL-2.0+"
            ],
            "description": "3rd Joomla Console Package",
            "homepage": "https://github.com/asika32764/joomla-framework-console",
            "keywords": [
                "console",
                "framework",
                "joomla"
            ],
            "time": "2014-06-11 15:28:48"
        },
        {
            "name": "asika/php-code-generator",
            "version": "0.1.2",
            "source": {
                "type": "git",
                "url": "https://github.com/asika32764/php-code-generator.git",
                "reference": "f3cd515c0ad1ae17c3f66272f6cbcee92ef60695"
            },
            "dist": {
                "type": "zip",
                "url": "https://api.github.com/repos/asika32764/php-code-generator/zipball/f3cd515c0ad1ae17c3f66272f6cbcee92ef60695",
                "reference": "f3cd515c0ad1ae17c3f66272f6cbcee92ef60695",
                "shasum": ""
            },
            "require-dev": {
                "asika/joomla-console": "1.1.*"
            },
            "suggest": {
                "asika/joomla-console": "If you want to use PHP Code Generator self not integrate to other system."
            },
            "type": "library",
            "autoload": {
                "psr-0": {
                    "": "src/"
                }
            },
            "notification-url": "https://packagist.org/downloads/",
            "license": [
                "GNU Lesser General Public License"
            ],
            "authors": [
                {
                    "name": "Simon Asika",
                    "email": "asika32764@gmail.com"
                }
            ],
            "description": "PHP Code generator",
            "time": "2014-04-02 07:48:22"
        },
        {
            "name": "filp/whoops",
            "version": "1.1.4",
            "source": {
                "type": "git",
                "url": "https://github.com/filp/whoops.git",
                "reference": "dcce91553e2e056857f1ea844949e9a8a71b613d"
            },
            "dist": {
                "type": "zip",
                "url": "https://api.github.com/repos/filp/whoops/zipball/dcce91553e2e056857f1ea844949e9a8a71b613d",
                "reference": "dcce91553e2e056857f1ea844949e9a8a71b613d",
                "shasum": ""
            },
            "require": {
                "php": ">=5.3.0"
            },
            "require-dev": {
                "mockery/mockery": "0.9.*"
            },
            "type": "library",
            "extra": {
                "branch-alias": {
                    "dev-master": "1.2-dev"
                }
            },
            "autoload": {
                "psr-0": {
                    "Whoops": "src/"
                },
                "classmap": [
                    "src/deprecated"
                ]
            },
            "notification-url": "https://packagist.org/downloads/",
            "license": [
                "MIT"
            ],
            "authors": [
                {
                    "name": "Filipe Dobreira",
                    "homepage": "https://github.com/filp",
                    "role": "Developer"
                }
            ],
            "description": "php error handling for cool kids",
            "homepage": "https://github.com/filp/whoops",
            "keywords": [
                "error",
                "exception",
                "handling",
                "library",
                "silex-provider",
                "whoops",
                "zf2"
            ],
            "time": "2015-02-17 15:50:31"
        },
        {
            "name": "joomla/application",
            "version": "1.4.0",
            "source": {
                "type": "git",
                "url": "https://github.com/joomla-framework/application.git",
                "reference": "185b68fe55537281385b637a90e11856ea01c8da"
            },
            "dist": {
                "type": "zip",
                "url": "https://api.github.com/repos/joomla-framework/application/zipball/185b68fe55537281385b637a90e11856ea01c8da",
                "reference": "185b68fe55537281385b637a90e11856ea01c8da",
                "shasum": ""
            },
            "require": {
                "joomla/input": "~1.2",
                "joomla/registry": "~1.1",
                "php": ">=5.3.10",
                "psr/log": "~1.0"
            },
            "require-dev": {
                "joomla/session": "~1.1",
                "joomla/test": "~1.1",
                "joomla/uri": "~1.1",
                "phpunit/phpunit": "4.*",
                "squizlabs/php_codesniffer": "1.*"
            },
            "suggest": {
                "joomla/session": "To use AbstractWebApplication with session support, install joomla/session",
                "joomla/uri": "To use AbstractWebApplication, install joomla/uri"
            },
            "type": "joomla-package",
            "extra": {
                "branch-alias": {
                    "dev-master": "1.x-dev"
                }
            },
            "autoload": {
                "psr-4": {
                    "Joomla\\Application\\": "src/",
                    "Joomla\\Application\\Tests\\": "Tests/"
                }
            },
            "notification-url": "https://packagist.org/downloads/",
            "license": [
                "GPL-2.0+"
            ],
            "description": "Joomla Application Package",
            "homepage": "https://github.com/joomla-framework/application",
            "keywords": [
                "application",
                "framework",
                "joomla"
            ],
            "time": "2015-03-06 17:37:01"
        },
        {
            "name": "joomla/compat",
            "version": "1.2.0",
            "source": {
                "type": "git",
                "url": "https://github.com/joomla-framework/compat.git",
                "reference": "f23565fe0184517778996226eb4b2333deb369c4"
            },
            "dist": {
                "type": "zip",
                "url": "https://api.github.com/repos/joomla-framework/compat/zipball/f23565fe0184517778996226eb4b2333deb369c4",
                "reference": "f23565fe0184517778996226eb4b2333deb369c4",
                "shasum": ""
            },
            "require": {
                "php": ">=5.3.10"
            },
            "type": "joomla-package",
            "autoload": {
                "classmap": [
                    "src/JsonSerializable.php",
                    "src/CallbackFilterIterator.php"
                ]
            },
            "notification-url": "https://packagist.org/downloads/",
            "license": [
                "GPL-2.0+"
            ],
            "description": "Joomla Compat Package",
            "homepage": "https://github.com/joomla-framework/compat",
            "keywords": [
                "compat",
                "framework",
                "joomla"
            ],
            "time": "2015-02-24 00:21:06"
        },
        {
            "name": "joomla/filesystem",
            "version": "1.2.0",
            "source": {
                "type": "git",
                "url": "https://github.com/joomla-framework/filesystem.git",
                "reference": "31884adf5470baf14de74bfd36482fd18ae048ad"
            },
            "dist": {
                "type": "zip",
                "url": "https://api.github.com/repos/joomla-framework/filesystem/zipball/31884adf5470baf14de74bfd36482fd18ae048ad",
                "reference": "31884adf5470baf14de74bfd36482fd18ae048ad",
                "shasum": ""
            },
            "require": {
                "php": ">=5.3.10"
            },
            "type": "joomla-package",
            "autoload": {
                "psr-4": {
                    "Joomla\\Filesystem\\": "src/",
                    "Joomla\\Filesystem\\Tests\\": "Tests/"
                }
            },
            "notification-url": "https://packagist.org/downloads/",
            "license": [
                "GPL-2.0+"
            ],
            "description": "Joomla Filesystem Package",
            "homepage": "https://github.com/joomla/joomla-framework-filesystem",
            "keywords": [
                "filesystem",
                "framework",
                "joomla"
            ],
            "time": "2014-04-10 02:54:58"
        },
        {
            "name": "joomla/filter",
            "version": "1.1.5",
            "source": {
                "type": "git",
                "url": "https://github.com/joomla-framework/filter.git",
                "reference": "ed6d695a81e71508782ab8d711498c684465b041"
            },
            "dist": {
                "type": "zip",
                "url": "https://api.github.com/repos/joomla-framework/filter/zipball/ed6d695a81e71508782ab8d711498c684465b041",
                "reference": "ed6d695a81e71508782ab8d711498c684465b041",
                "shasum": ""
            },
            "require": {
                "php": ">=5.3.10"
            },
            "require-dev": {
                "joomla/language": "~1.0",
                "joomla/string": "~1.0",
                "phpunit/phpunit": "4.*",
                "squizlabs/php_codesniffer": "1.*"
            },
            "suggest": {
                "joomla/language": "Required only if you want to use `OutputFilter::stringURLSafe`.",
                "joomla/string": "Required only if you want to use `OutputFilter::stringURLSafe` and `OutputFilter::stringURLUnicodeSlug`."
            },
            "type": "joomla-package",
            "extra": {
                "branch-alias": {
                    "dev-master": "1.x-dev"
                }
            },
            "autoload": {
                "psr-4": {
                    "Joomla\\Filter\\": "src/",
                    "Joomla\\Filter\\Tests\\": "Tests/"
                }
            },
            "notification-url": "https://packagist.org/downloads/",
            "license": [
                "GPL-2.0+"
            ],
            "description": "Joomla Filter Package",
            "homepage": "https://github.com/joomla-framework/filter",
            "keywords": [
                "filter",
                "framework",
                "joomla"
            ],
            "time": "2014-12-12 21:46:44"
        },
        {
            "name": "joomla/input",
            "version": "1.2.0",
            "source": {
                "type": "git",
                "url": "https://github.com/joomla-framework/input.git",
                "reference": "b6098276043e2d627221fe54d3c91232e6679d0f"
            },
            "dist": {
                "type": "zip",
                "url": "https://api.github.com/repos/joomla-framework/input/zipball/b6098276043e2d627221fe54d3c91232e6679d0f",
                "reference": "b6098276043e2d627221fe54d3c91232e6679d0f",
                "shasum": ""
            },
            "require": {
                "joomla/filter": "~1.0",
                "php": ">=5.3.10"
            },
            "require-dev": {
                "joomla/test": "~1.0",
                "phpunit/phpunit": "4.*",
                "squizlabs/php_codesniffer": "1.*"
            },
            "type": "joomla-package",
            "extra": {
                "branch-alias": {
                    "dev-master": "1.x-dev"
                }
            },
            "autoload": {
                "psr-4": {
                    "Joomla\\Input\\": "src/",
                    "Joomla\\Input\\Tests\\": "Tests/"
                }
            },
            "notification-url": "https://packagist.org/downloads/",
            "license": [
                "GPL-2.0+"
            ],
            "description": "Joomla Input Package",
            "homepage": "https://github.com/joomla-framework/input",
            "keywords": [
                "framework",
                "input",
                "joomla"
            ],
            "time": "2014-10-12 18:01:36"
        },
        {
            "name": "joomla/registry",
            "version": "1.4.5",
            "source": {
                "type": "git",
                "url": "https://github.com/joomla-framework/registry.git",
                "reference": "4f926ba961ca45eb95076a1598c3ae689cb02fc5"
            },
            "dist": {
                "type": "zip",
                "url": "https://api.github.com/repos/joomla-framework/registry/zipball/4f926ba961ca45eb95076a1598c3ae689cb02fc5",
                "reference": "4f926ba961ca45eb95076a1598c3ae689cb02fc5",
                "shasum": ""
            },
            "require": {
                "joomla/compat": "~1.0",
                "joomla/string": "~1.3",
                "joomla/utilities": "~1.0",
                "php": ">=5.3.10"
            },
            "require-dev": {
                "joomla/test": "~1.0",
                "phpunit/phpunit": "4.*",
                "squizlabs/php_codesniffer": "1.*",
                "symfony/yaml": "~2.0"
            },
            "suggest": {
                "symfony/yaml": "Install 2.* if you require YAML support."
            },
            "type": "joomla-package",
            "extra": {
                "branch-alias": {
                    "dev-master": "1.x-dev"
                }
            },
            "autoload": {
                "psr-4": {
                    "Joomla\\Registry\\": "src/",
                    "Joomla\\Registry\\Tests\\": "Tests/"
                }
            },
            "notification-url": "https://packagist.org/downloads/",
            "license": [
                "GPL-2.0+"
            ],
            "description": "Joomla Registry Package",
            "homepage": "https://github.com/joomla-framework/registry",
            "keywords": [
                "framework",
                "joomla",
                "registry"
            ],
            "time": "2015-03-28 17:54:38"
        },
        {
            "name": "joomla/string",
            "version": "1.3.0",
            "source": {
                "type": "git",
                "url": "https://github.com/joomla-framework/string.git",
                "reference": "0df8ead8c726a1f648e624d3bcbef8cf05c1d0da"
            },
            "dist": {
                "type": "zip",
                "url": "https://api.github.com/repos/joomla-framework/string/zipball/0df8ead8c726a1f648e624d3bcbef8cf05c1d0da",
                "reference": "0df8ead8c726a1f648e624d3bcbef8cf05c1d0da",
                "shasum": ""
            },
            "require": {
                "php": ">=5.3.10"
            },
            "require-dev": {
                "joomla/test": "~1.0",
                "phpunit/phpunit": "4.*",
                "squizlabs/php_codesniffer": "1.*"
            },
            "type": "joomla-package",
            "extra": {
                "branch-alias": {
                    "dev-master": "1.x-dev"
                }
            },
            "autoload": {
                "psr-4": {
                    "Joomla\\String\\": "src/",
                    "Joomla\\String\\Tests\\": "Tests/"
                }
            },
            "notification-url": "https://packagist.org/downloads/",
            "license": [
                "GPL-2.0+"
            ],
            "description": "Joomla String Package",
            "homepage": "https://github.com/joomla-framework/string",
            "keywords": [
                "framework",
                "joomla",
                "string"
            ],
            "time": "2015-03-26 01:02:20"
        },
        {
            "name": "joomla/utilities",
            "version": "1.3.3",
            "source": {
                "type": "git",
                "url": "https://github.com/joomla-framework/utilities.git",
                "reference": "3e43b0806c194a92b58a176b73d6cc2dc6c9c3a4"
            },
            "dist": {
                "type": "zip",
                "url": "https://api.github.com/repos/joomla-framework/utilities/zipball/3e43b0806c194a92b58a176b73d6cc2dc6c9c3a4",
                "reference": "3e43b0806c194a92b58a176b73d6cc2dc6c9c3a4",
                "shasum": ""
            },
            "require": {
                "joomla/string": "~1.3",
                "php": ">=5.3.10"
            },
            "require-dev": {
                "phpunit/phpunit": "4.*",
                "squizlabs/php_codesniffer": "1.*"
            },
            "type": "joomla-package",
            "extra": {
                "branch-alias": {
                    "dev-master": "1.x-dev"
                }
            },
            "autoload": {
                "psr-4": {
                    "Joomla\\Utilities\\": "src/",
                    "Joomla\\Utilities\\Tests\\": "Tests/"
                }
            },
            "notification-url": "https://packagist.org/downloads/",
            "license": [
                "GPL-2.0+"
            ],
            "description": "Joomla Utilities Package",
            "homepage": "https://github.com/joomla-framework/utilities",
            "keywords": [
                "framework",
                "joomla",
                "utilities"
            ],
            "time": "2015-03-28 17:52:43"
        },
        {
            "name": "psr/log",
            "version": "1.0.0",
            "source": {
                "type": "git",
                "url": "https://github.com/php-fig/log.git",
                "reference": "fe0936ee26643249e916849d48e3a51d5f5e278b"
            },
            "dist": {
                "type": "zip",
                "url": "https://api.github.com/repos/php-fig/log/zipball/fe0936ee26643249e916849d48e3a51d5f5e278b",
                "reference": "fe0936ee26643249e916849d48e3a51d5f5e278b",
                "shasum": ""
            },
            "type": "library",
            "autoload": {
                "psr-0": {
                    "Psr\\Log\\": ""
                }
            },
            "notification-url": "https://packagist.org/downloads/",
            "license": [
                "MIT"
            ],
            "authors": [
                {
                    "name": "PHP-FIG",
                    "homepage": "http://www.php-fig.org/"
                }
            ],
            "description": "Common interface for logging libraries",
            "keywords": [
                "log",
                "psr",
                "psr-3"
            ],
            "time": "2012-12-21 11:40:51"
        },
        {
            "name": "symfony/yaml",
            "version": "v2.6.6",
            "target-dir": "Symfony/Component/Yaml",
            "source": {
                "type": "git",
                "url": "https://github.com/symfony/Yaml.git",
                "reference": "174f009ed36379a801109955fc5a71a49fe62dd4"
            },
            "dist": {
                "type": "zip",
                "url": "https://api.github.com/repos/symfony/Yaml/zipball/174f009ed36379a801109955fc5a71a49fe62dd4",
                "reference": "174f009ed36379a801109955fc5a71a49fe62dd4",
                "shasum": ""
            },
            "require": {
                "php": ">=5.3.3"
            },
            "require-dev": {
                "symfony/phpunit-bridge": "~2.7"
            },
            "type": "library",
            "extra": {
                "branch-alias": {
                    "dev-master": "2.6-dev"
                }
            },
            "autoload": {
                "psr-0": {
                    "Symfony\\Component\\Yaml\\": ""
                }
            },
            "notification-url": "https://packagist.org/downloads/",
            "license": [
                "MIT"
            ],
            "authors": [
                {
                    "name": "Symfony Community",
                    "homepage": "http://symfony.com/contributors"
                },
                {
                    "name": "Fabien Potencier",
                    "email": "fabien@symfony.com"
                }
            ],
            "description": "Symfony Yaml Component",
            "homepage": "http://symfony.com",
            "time": "2015-03-30 15:54:10"
        },
        {
            "name": "windwalker/framework",
            "version": "1.0.3",
            "source": {
                "type": "git",
                "url": "https://github.com/ventoviro/windwalker.git",
                "reference": "cfc91608ea0fab8856dcc4317bd8b99ae7e3f5fc"
            },
            "dist": {
                "type": "zip",
                "url": "https://api.github.com/repos/ventoviro/windwalker/zipball/cfc91608ea0fab8856dcc4317bd8b99ae7e3f5fc",
                "reference": "cfc91608ea0fab8856dcc4317bd8b99ae7e3f5fc",
                "shasum": ""
            },
            "require": {
                "joomla/utilities": "~1.0"
            },
            "require-dev": {
                "joomla/application": "~1.0",
                "joomla/database": "~1.0",
                "joomla/test": "~1.0"
            },
            "type": "library",
            "autoload": {
                "psr-4": {
                    "Windwalker\\": "src/"
                }
            },
            "notification-url": "https://packagist.org/downloads/",
            "license": [
                "GNU Lesser General Public License"
            ],
            "authors": [
                {
                    "name": "Simon Asika",
                    "email": "asika32764@gmail.com"
                }
            ],
            "description": "Rapido de la vento viro.",
            "homepage": "https://github.com/ventoviro/windwalker",
            "time": "2014-06-16 08:39:10"
        }
    ],
    "packages-dev": [],
    "aliases": [],
    "minimum-stability": "beta",
    "stability-flags": [],
    "prefer-stable": false,
    "prefer-lowest": false,
    "platform": [],
    "platform-dev": []
}
